
Microsoft Visual Studio Solution File, Format Version 12.00
# Visual Studio Version 16
VisualStudioVersion = 16.0.28803.156
MinimumVisualStudioVersion = 10.0.40219.1
Project("{FAE04EC0-301F-11D3-BF4B-00C04F79EFBC}") = "RECAPTCHA", "RECAPTCHA\RECAPTCHA.csproj", "{7EA042CA-D4B0-4EAF-A09D-0850526D0D73}"
EndProject
Project("{FAE04EC0-301F-11D3-BF4B-00C04F79EFBC}") = "ImageProcess", "ImageProcess\ImageProcess.csproj", "{A7E3B730-775F-44F2-A5B2-AD772EA2B56E}"
EndProject
Global
	GlobalSection(SolutionConfigurationPlatforms) = preSolution
		Debug|Any CPU = Debug|Any CPU
		Release|Any CPU = Release|Any CPU
	EndGlobalSection
	GlobalSection(ProjectConfigurationPlatforms) = postSolution
		{7EA042CA-D4B0-4EAF-A09D-0850526D0D73}.Debug|Any CPU.ActiveCfg = Debug|Any CPU
		{7EA042CA-D4B0-4EAF-A09D-0850526D0D73}.Debug|Any CPU.Build.0 = Debug|Any CPU
		{7EA042CA-D4B0-4EAF-A09D-0850526D0D73}.Release|Any CPU.ActiveCfg = Release|Any CPU
		{7EA042CA-D4B0-4EAF-A09D-0850526D0D73}.Release|Any CPU.Build.0 = Release|Any CPU
		{A7E3B730-775F-44F2-A5B2-AD772EA2B56E}.Debug|Any CPU.ActiveCfg = Debug|Any CPU
		{A7E3B730-775F-44F2-A5B2-AD772EA2B56E}.Debug|Any CPU.Build.0 = Debug|Any CPU
		{A7E3B730-775F-44F2-A5B2-AD772EA2B56E}.Release|Any CPU.ActiveCfg = Release|Any CPU
		{A7E3B730-775F-44F2-A5B2-AD772EA2B56E}.Release|Any CPU.Build.0 = Release|Any CPU
	EndGlobalSection
	GlobalSection(SolutionProperties) = preSolution
		HideSolutionNode = FALSE
	EndGlobalSection
	GlobalSection(ExtensibilityGlobals) = postSolution
		SolutionGuid = {66596365-70D1-4CDD-9875-6B93C717EA21}
	EndGlobalSection
EndGlobal
